// !$*UTF8*$!
{
	archiveVersion = 1;
	classes = {
	};
	objectVersion = 46;
	objects = {

/* Begin PBXBuildFile section */
		A0E04F321B4F5C15002F91B0 /* main.m in Sources */ = {isa = PBXBuildFile; fileRef = A0E04F311B4F5C15002F91B0 /* main.m */; };
		A0E04F351B4F5C15002F91B0 /* AppDelegate.m in Sources */ = {isa = PBXBuildFile; fileRef = A0E04F341B4F5C15002F91B0 /* AppDelegate.m */; };
		A0E04F381B4F5C15002F91B0 /* ViewController.m in Sources */ = {isa = PBXBuildFile; fileRef = A0E04F371B4F5C15002F91B0 /* ViewController.m */; };
		A0E04F3B1B4F5C15002F91B0 /* Main.storyboard in Resources */ = {isa = PBXBuildFile; fileRef = A0E04F391B4F5C15002F91B0 /* Main.storyboard */; };
		A0E04F3D1B4F5C15002F91B0 /* Images.xcassets in Resources */ = {isa = PBXBuildFile; fileRef = A0E04F3C1B4F5C15002F91B0 /* Images.xcassets */; };
		A0E04F401B4F5C15002F91B0 /* LaunchScreen.xib in Resources */ = {isa = PBXBuildFile; fileRef = A0E04F3E1B4F5C15002F91B0 /* LaunchScreen.xib */; };
		A0E04F4C1B4F5C15002F91B0 /* _4_GCDTests.m in Sources */ = {isa = PBXBuildFile; fileRef = A0E04F4B1B4F5C15002F91B0 /* _4_GCDTests.m */; };
		A0E04F571B4F988A002F91B0 /* AMPerson.m in Sources */ = {isa = PBXBuildFile; fileRef = A0E04F561B4F988A002F91B0 /* AMPerson.m */; };
/* End PBXBuildFile section */

/* Begin PBXContainerItemProxy section */
		A0E04F461B4F5C15002F91B0 /* PBXContainerItemProxy */ = {
			isa = PBXContainerItemProxy;
			containerPortal = A0E04F241B4F5C15002F91B0 /* Project object */;
			proxyType = 1;
			remoteGlobalIDString = A0E04F2B1B4F5C15002F91B0;
			remoteInfo = "04-GCD";
		};
/* End PBXContainerItemProxy section */

/* Begin PBXFileReference section */
		A0E04F2C1B4F5C15002F91B0 /* 04-GCD.app */ = {isa = PBXFileReference; explicitFileType = wrapper.application; includeInIndex = 0; path = "04-GCD.app"; sourceTree = BUILT_PRODUCTS_DIR; };
		A0E04F301B4F5C15002F91B0 /* Info.plist */ = {isa = PBXFileReference; lastKnownFileType = text.plist.xml; path = Info.plist; sourceTree = "<group>"; };
		A0E04F311B4F5C15002F91B0 /* main.m */ = {isa = PBXFileReference; lastKnownFileType = sourcecode.c.objc; path = main.m; sourceTree = "<group>"; };
		A0E04F331B4F5C15002F91B0 /* AppDelegate.h */ = {isa = PBXFileReference; lastKnownFileType = sourcecode.c.h; path = AppDelegate.h; sourceTree = "<group>"; };
		A0E04F341B4F5C15002F91B0 /* AppDelegate.m */ = {isa = PBXFileReference; lastKnownFileType = sourcecode.c.objc; path = AppDelegate.m; sourceTree = "<group>"; };
		A0E04F361B4F5C15002F91B0 /* ViewController.h */ = {isa = PBXFileReference; lastKnownFileType = sourcecode.c.h; path = ViewController.h; sourceTree = "<group>"; };
		A0E04F371B4F5C15002F91B0 /* ViewController.m */ = {isa = PBXFileReference; lastKnownFileType = sourcecode.c.objc; path = ViewController.m; sourceTree = "<group>"; };
		A0E04F3A1B4F5C15002F91B0 /* Base */ = {isa = PBXFileReference; lastKnownFileType = file.storyboard; name = Base; path = Base.lproj/Main.storyboard; sourceTree = "<group>"; };
		A0E04F3C1B4F5C15002F91B0 /* Images.xcassets */ = {isa = PBXFileReference; lastKnownFileType = folder.assetcatalog; path = Images.xcassets; sourceTree = "<group>"; };
		A0E04F3F1B4F5C15002F91B0 /* Base */ = {isa = PBXFileReference; lastKnownFileType = file.xib; name = Base; path = Base.lproj/LaunchScreen.xib; sourceTree = "<group>"; };
		A0E04F451B4F5C15002F91B0 /* 04-GCDTests.xctest */ = {isa = PBXFileReference; explicitFileType = wrapper.cfbundle; includeInIndex = 0; path = "04-GCDTests.xctest"; sourceTree = BUILT_PRODUCTS_DIR; };
		A0E04F4A1B4F5C15002F91B0 /* Info.plist */ = {isa = PBXFileReference; lastKnownFileType = text.plist.xml; path = Info.plist; sourceTree = "<group>"; };
		A0E04F4B1B4F5C15002F91B0 /* _4_GCDTests.m */ = {isa = PBXFileReference; lastKnownFileType = sourcecode.c.objc; path = _4_GCDTests.m; sourceTree = "<group>"; };
		A0E04F551B4F988A002F91B0 /* AMPerson.h */ = {isa = PBXFileReference; fileEncoding = 4; lastKnownFileType = sourcecode.c.h; path = AMPerson.h; sourceTree = "<group>"; };
		A0E04F561B4F988A002F91B0 /* AMPerson.m */ = {isa = PBXFileReference; fileEncoding = 4; lastKnownFileType = sourcecode.c.objc; path = AMPerson.m; sourceTree = "<group>"; };
/* End PBXFileReference section */

/* Begin PBXFrameworksBuildPhase section */
		A0E04F291B4F5C15002F91B0 /* Frameworks */ = {
			isa = PBXFrameworksBuildPhase;
			buildActionMask = 2147483647;
			files = (
			);
			runOnlyForDeploymentPostprocessing = 0;
		};
		A0E04F421B4F5C15002F91B0 /* Frameworks */ = {
			isa = PBXFrameworksBuildPhase;
			buildActionMask = 2147483647;
			files = (
			);
			runOnlyForDeploymentPostprocessing = 0;
		};
/* End PBXFrameworksBuildPhase section */

/* Begin PBXGroup section */
		A0E04F231B4F5C15002F91B0 = {
			isa = PBXGroup;
			children = (
				A0E04F2E1B4F5C15002F91B0 /* 04-GCD */,
				A0E04F481B4F5C15002F91B0 /* 04-GCDTests */,
				A0E04F2D1B4F5C15002F91B0 /* Products */,
			);
			sourceTree = "<group>";
		};
		A0E04F2D1B4F5C15002F91B0 /* Products */ = {
			isa = PBXGroup;
			children = (
				A0E04F2C1B4F5C15002F91B0 /* 04-GCD.app */,
				A0E04F451B4F5C15002F91B0 /* 04-GCDTests.xctest */,
			);
			name = Products;
			sourceTree = "<group>";
		};
		A0E04F2E1B4F5C15002F91B0 /* 04-GCD */ = {
			isa = PBXGroup;
			children = (
				A0E04F331B4F5C15002F91B0 /* AppDelegate.h */,
				A0E04F341B4F5C15002F91B0 /* AppDelegate.m */,
				A0E04F361B4F5C15002F91B0 /* ViewController.h */,
				A0E04F371B4F5C15002F91B0 /* ViewController.m */,
				A0E04F391B4F5C15002F91B0 /* Main.storyboard */,
				A0E04F3C1B4F5C15002F91B0 /* Images.xcassets */,
				A0E04F3E1B4F5C15002F91B0 /* LaunchScreen.xib */,
				A0E04F2F1B4F5C15002F91B0 /* Supporting Files */,
				A0E04F551B4F988A002F91B0 /* AMPerson.h */,
				A0E04F561B4F988A002F91B0 /* AMPerson.m */,
			);
			path = "04-GCD";
			sourceTree = "<group>";
		};
		A0E04F2F1B4F5C15002F91B0 /* Supporting Files */ = {
			isa = PBXGroup;
			children = (
				A0E04F301B4F5C15002F91B0 /* Info.plist */,
				A0E04F311B4F5C15002F91B0 /* main.m */,
			);
			name = "Supporting Files";
			sourceTree = "<group>";
		};
		A0E04F481B4F5C15002F91B0 /* 04-GCDTests */ = {
			isa = PBXGroup;
			children = (
				A0E04F4B1B4F5C15002F91B0 /* _4_GCDTests.m */,
				A0E04F491B4F5C15002F91B0 /* Supporting Files */,
			);
			path = "04-GCDTests";
			sourceTree = "<group>";
		};
		A0E04F491B4F5C15002F91B0 /* Supporting Files */ = {
			isa = PBXGroup;
			children = (
				A0E04F4A1B4F5C15002F91B0 /* Info.plist */,
			);
			name = "Supporting Files";
			sourceTree = "<group>";
		};
/* End PBXGroup section */

/* Begin PBXNativeTarget section */
		A0E04F2B1B4F5C15002F91B0 /* 04-GCD */ = {
			isa = PBXNativeTarget;
			buildConfigurationList = A0E04F4F1B4F5C15002F91B0 /* Build configuration list for PBXNativeTarget "04-GCD" */;
			buildPhases = (
				A0E04F281B4F5C15002F91B0 /* Sources */,
				A0E04F291B4F5C15002F91B0 /* Frameworks */,
				A0E04F2A1B4F5C15002F91B0 /* Resources */,
			);
			buildRules = (
			);
			dependencies = (
			);
			name = "04-GCD";
			productName = "04-GCD";
			productReference = A0E04F2C1B4F5C15002F91B0 /* 04-GCD.app */;
			productType = "com.apple.product-type.application";
		};
		A0E04F441B4F5C15002F91B0 /* 04-GCDTests */ = {
			isa = PBXNativeTarget;
			buildConfigurationList = A0E04F521B4F5C15002F91B0 /* Build configuration list for PBXNativeTarget "04-GCDTests" */;
			buildPhases = (
				A0E04F411B4F5C15002F91B0 /* Sources */,
				A0E04F421B4F5C15002F91B0 /* Frameworks */,
				A0E04F431B4F5C15002F91B0 /* Resources */,
			);
			buildRules = (
			);
			dependencies = (
				A0E04F471B4F5C15002F91B0 /* PBXTargetDependency */,
			);
			name = "04-GCDTests";
			productName = "04-GCDTests";
			productReference = A0E04F451B4F5C15002F91B0 /* 04-GCDTests.xctest */;
			productType = "com.apple.product-type.bundle.unit-test";
		};
/* End PBXNativeTarget section */

/* Begin PBXProject section */
		A0E04F241B4F5C15002F91B0 /* Project object */ = {
			isa = PBXProject;
			attributes = {
				CLASSPREFIX = AM;
				LastUpgradeCheck = 0640;
				ORGANIZATIONNAME = "小码哥";
				TargetAttributes = {
					A0E04F2B1B4F5C15002F91B0 = {
						CreatedOnToolsVersion = 6.4;
					};
					A0E04F441B4F5C15002F91B0 = {
						CreatedOnToolsVersion = 6.4;
						TestTargetID = A0E04F2B1B4F5C15002F91B0;
					};
				};
			};
			buildConfigurationList = A0E04F271B4F5C15002F91B0 /* Build configuration list for PBXProject "04-GCD" */;
			compatibilityVersion = "Xcode 3.2";
			developmentRegion = English;
			hasScannedForEncodings = 0;
			knownRegions = (
				en,
				Base,
			);
			mainGroup = A0E04F231B4F5C15002F91B0;
			productRefGroup = A0E04F2D1B4F5C15002F91B0 /* Products */;
			projectDirPath = "";
			projectRoot = "";
			targets = (
				A0E04F2B1B4F5C15002F91B0 /* 04-GCD */,
				A0E04F441B4F5C15002F91B0 /* 04-GCDTests */,
			);
		};
/* End PBXProject section */

/* Begin PBXResourcesBuildPhase section */
		A0E04F2A1B4F5C15002F91B0 /* Resources */ = {
			isa = PBXResourcesBuildPhase;
			buildActionMask = 2147483647;
			files = (
				A0E04F3B1B4F5C15002F91B0 /* Main.storyboard in Resources */,
				A0E04F401B4F5C15002F91B0 /* LaunchScreen.xib in Resources */,
				A0E04F3D1B4F5C15002F91B0 /* Images.xcassets in Resources */,
			);
			runOnlyForDeploymentPostprocessing = 0;
		};
		A0E04F431B4F5C15002F91B0 /* Resources */ = {
			isa = PBXResourcesBuildPhase;
			buildActionMask = 2147483647;
			files = (
			);
			runOnlyForDeploymentPostprocessing = 0;
		};
/* End PBXResourcesBuildPhase section */

/* Begin PBXSourcesBuildPhase section */
		A0E04F281B4F5C15002F91B0 /* Sources */ = {
			isa = PBXSourcesBuildPhase;
			buildActionMask = 2147483647;
			files = (
				A0E04F381B4F5C15002F91B0 /* ViewController.m in Sources */,
				A0E04F351B4F5C15002F91B0 /* AppDelegate.m in Sources */,
				A0E04F571B4F988A002F91B0 /* AMPerson.m in Sources */,
				A0E04F321B4F5C15002F91B0 /* main.m in Sources */,
			);
			runOnlyForDeploymentPostprocessing = 0;
		};
		A0E04F411B4F5C15002F91B0 /* Sources */ = {
			isa = PBXSourcesBuildPhase;
			buildActionMask = 2147483647;
			files = (
				A0E04F4C1B4F5C15002F91B0 /* _4_GCDTests.m in Sources */,
			);
			runOnlyForDeploymentPostprocessing = 0;
		};
/* End PBXSourcesBuildPhase section */

/* Begin PBXTargetDependency section */
		A0E04F471B4F5C15002F91B0 /* PBXTargetDependency */ = {
			isa = PBXTargetDependency;
			target = A0E04F2B1B4F5C15002F91B0 /* 04-GCD */;
			targetProxy = A0E04F461B4F5C15002F91B0 /* PBXContainerItemProxy */;
		};
/* End PBXTargetDependency section */

/* Begin PBXVariantGroup section */
		A0E04F391B4F5C15002F91B0 /* Main.storyboard */ = {
			isa = PBXVariantGroup;
			children = (
				A0E04F3A1B4F5C15002F91B0 /* Base */,
			);
			name = Main.storyboard;
			sourceTree = "<group>";
		};
		A0E04F3E1B4F5C15002F91B0 /* LaunchScreen.xib */ = {
			isa = PBXVariantGroup;
			children = (
				A0E04F3F1B4F5C15002F91B0 /* Base */,
			);
			name = LaunchScreen.xib;
			sourceTree = "<group>";
		};
/* End PBXVariantGroup section */

/* Begin XCBuildConfiguration section */
		A0E04F4D1B4F5C15002F91B0 /* Debug */ = {
			isa = XCBuildConfiguration;
			buildSettings = {
				ALWAYS_SEARCH_USER_PATHS = NO;
				CLANG_CXX_LANGUAGE_STANDARD = "gnu++0x";
				CLANG_CXX_LIBRARY = "libc++";
				CLANG_ENABLE_MODULES = YES;
				CLANG_ENABLE_OBJC_ARC = YES;
				CLANG_WARN_BOOL_CONVERSION = YES;
				CLANG_WARN_CONSTANT_CONVERSION = YES;
				CLANG_WARN_DIRECT_OBJC_ISA_USAGE = YES_ERROR;
				CLANG_WARN_EMPTY_BODY = YES;
				CLANG_WARN_ENUM_CONVERSION = YES;
				CLANG_WARN_INT_CONVERSION = YES;
				CLANG_WARN_OBJC_ROOT_CLASS = YES_ERROR;
				CLANG_WARN_UNREACHABLE_CODE = YES;
				CLANG_WARN__DUPLICATE_METHOD_MATCH = YES;
				"CODE_SIGN_IDENTITY[sdk=iphoneos*]" = "iPhone Developer";
				COPY_PHASE_STRIP = NO;
				DEBUG_INFORMATION_FORMAT = "dwarf-with-dsym";
				ENABLE_STRICT_OBJC_MSGSEND = YES;
				GCC_C_LANGUAGE_STANDARD = gnu99;
				GCC_DYNAMIC_NO_PIC = NO;
				GCC_NO_COMMON_BLOCKS = YES;
				GCC_OPTIMIZATION_LEVEL = 0;
				GCC_PREPROCESSOR_DEFINITIONS = (
					"DEBUG=1",
					"$(inherited)",
				);
				GCC_SYMBOLS_PRIVATE_EXTERN = NO;
				GCC_WARN_64_TO_32_BIT_CONVERSION = YES;
				GCC_WARN_ABOUT_RETURN_TYPE = YES_ERROR;
				GCC_WARN_UNDECLARED_SELECTOR = YES;
				GCC_WARN_UNINITIALIZED_AUTOS = YES_AGGRESSIVE;
				GCC_WARN_UNUSED_FUNCTION = YES;
				GCC_WARN_UNUSED_VARIABLE = YES;
				IPHONEOS_DEPLOYMENT_TARGET = 8.4;
				MTL_ENABLE_DEBUG_INFO = YES;
				ONLY_ACTIVE_ARCH = YES;
				SDKROOT = iphoneos;
				TARGETED_DEVICE_FAMILY = "1,2";
			};
			name = Debug;
		};
		A0E04F4E1B4F5C15002F91B0 /* Release */ = {
			isa = XCBuildConfiguration;
			buildSettings = {
				ALWAYS_SEARCH_USER_PATHS = NO;
				CLANG_CXX_LANGUAGE_STANDARD = "gnu++0x";
				CLANG_CXX_LIBRARY = "libc++";
				CLANG_ENABLE_MODULES = YES;
				CLANG_ENABLE_OBJC_ARC = YES;
				CLANG_WARN_BOOL_CONVERSION = YES;
				CLANG_WARN_CONSTANT_CONVERSION = YES;
				CLANG_WARN_DIRECT_OBJC_ISA_USAGE = YES_ERROR;
				CLANG_WARN_EMPTY_BODY = YES;
				CLANG_WARN_ENUM_CONVERSION = YES;
				CLANG_WARN_INT_CONVERSION = YES;
				CLANG_WARN_OBJC_ROOT_CLASS = YES_ERROR;
				CLANG_WARN_UNREACHABLE_CODE = YES;
				CLANG_WARN__DUPLICATE_METHOD_MATCH = YES;
				"CODE_SIGN_IDENTITY[sdk=iphoneos*]" = "iPhone Developer";
				COPY_PHASE_STRIP = NO;
				DEBUG_INFORMATION_FORMAT = "dwarf-with-dsym";
				ENABLE_NS_ASSERTIONS = NO;
				ENABLE_STRICT_OBJC_MSGSEND = YES;
				GCC_C_LANGUAGE_STANDARD = gnu99;
				GCC_NO_COMMON_BLOCKS = YES;
				GCC_WARN_64_TO_32_BIT_CONVERSION = YES;
				GCC_WARN_ABOUT_RETURN_TYPE = YES_ERROR;
				GCC_WARN_UNDECLARED_SELECTOR = YES;
				GCC_WARN_UNINITIALIZED_AUTOS = YES_AGGRESSIVE;
				GCC_WARN_UNUSED_FUNCTION = YES;
				GCC_WARN_UNUSED_VARIABLE = YES;
				IPHONEOS_DEPLOYMENT_TARGET = 8.4;
				MTL_ENABLE_DEBUG_INFO = NO;
				SDKROOT = iphoneos;
				TARGETED_DEVICE_FAMILY = "1,2";
				VALIDATE_PRODUCT = YES;
			};
			name = Release;
		};
		A0E04F501B4F5C15002F91B0 /* Debug */ = {
			isa = XCBuildConfiguration;
			buildSettings = {
				ASSETCATALOG_COMPILER_APPICON_NAME = AppIcon;
				INFOPLIST_FILE = "04-GCD/Info.plist";
				LD_RUNPATH_SEARCH_PATHS = "$(inherited) @executable_path/Frameworks";
				PRODUCT_NAME = "$(TARGET_NAME)";
			};
			name = Debug;
		};
		A0E04F511B4F5C15002F91B0 /* Release */ = {
			isa = XCBuildConfiguration;
			buildSettings = {
				ASSETCATALOG_COMPILER_APPICON_NAME = AppIcon;
				INFOPLIST_FILE = "04-GCD/Info.plist";
				LD_RUNPATH_SEARCH_PATHS = "$(inherited) @executable_path/Frameworks";
				PRODUCT_NAME = "$(TARGET_NAME)";
			};
			name = Release;
		};
		A0E04F531B4F5C15002F91B0 /* Debug */ = {
			isa = XCBuildConfiguration;
			buildSettings = {
				BUNDLE_LOADER = "$(TEST_HOST)";
				FRAMEWORK_SEARCH_PATHS = (
					"$(SDKROOT)/Developer/Library/Frameworks",
					"$(inherited)",
				);
				GCC_PREPROCESSOR_DEFINITIONS = (
					"DEBUG=1",
					"$(inherited)",
				);
				INFOPLIST_FILE = "04-GCDTests/Info.plist";
				LD_RUNPATH_SEARCH_PATHS = "$(inherited) @executable_path/Frameworks @loader_path/Frameworks";
				PRODUCT_NAME = "$(TARGET_NAME)";
				TEST_HOST = "$(BUILT_PRODUCTS_DIR)/04-GCD.app/04-GCD";
			};
			name = Debug;
		};
		A0E04F541B4F5C15002F91B0 /* Release */ = {
			isa = XCBuildConfiguration;
			buildSettings = {
				BUNDLE_LOADER = "$(TEST_HOST)";
				FRAMEWORK_SEARCH_PATHS = (
					"$(SDKROOT)/Developer/Library/Frameworks",
					"$(inherited)",
				);
				INFOPLIST_FILE = "04-GCDTests/Info.plist";
				LD_RUNPATH_SEARCH_PATHS = "$(inherited) @executable_path/Frameworks @loader_path/Frameworks";
				PRODUCT_NAME = "$(TARGET_NAME)";
				TEST_HOST = "$(BUILT_PRODUCTS_DIR)/04-GCD.app/04-GCD";
			};
			name = Release;
		};
/* End XCBuildConfiguration section */

/* Begin XCConfigurationList section */
		A0E04F271B4F5C15002F91B0 /* Build configuration list for PBXProject "04-GCD" */ = {
			isa = XCConfigurationList;
			buildConfigurations = (
				A0E04F4D1B4F5C15002F91B0 /* Debug */,
				A0E04F4E1B4F5C15002F91B0 /* Release */,
			);
			defaultConfigurationIsVisible = 0;
			defaultConfigurationName = Release;
		};
		A0E04F4F1B4F5C15002F91B0 /* Build configuration list for PBXNativeTarget "04-GCD" */ = {
			isa = XCConfigurationList;
			buildConfigurations = (
				A0E04F501B4F5C15002F91B0 /* Debug */,
				A0E04F511B4F5C15002F91B0 /* Release */,
			);
			defaultConfigurationIsVisible = 0;
			defaultConfigurationName = Release;
		};
		A0E04F521B4F5C15002F91B0 /* Build configuration list for PBXNativeTarget "04-GCDTests" */ = {
			isa = XCConfigurationList;
			buildConfigurations = (
				A0E04F531B4F5C15002F91B0 /* Debug */,
				A0E04F541B4F5C15002F91B0 /* Release */,
			);
			defaultConfigurationIsVisible = 0;
			defaultConfigurationName = Release;
		};
/* End XCConfigurationList section */
	};
	rootObject = A0E04F241B4F5C15002F91B0 /* Project object */;
}
